
Microsoft Visual Studio Solution File, Format Version 12.00
# Visual Studio 15
VisualStudioVersion = 15.0.28307.438
MinimumVisualStudioVersion = 10.0.40219.1
Project("{FAE04EC0-301F-11D3-BF4B-00C04F79EFBC}") = "Voertuigen", "Voertuigen\Voertuigen.csproj", "{4314A8DF-57DD-49FC-860F-20933764D4CB}"
EndProject
Global
	GlobalSection(SolutionConfigurationPlatforms) = preSolution
		Debug|Any CPU = Debug|Any CPU
		Release|Any CPU = Release|Any CPU
	EndGlobalSection
	GlobalSection(ProjectConfigurationPlatforms) = postSolution
		{4314A8DF-57DD-49FC-860F-20933764D4CB}.Debug|Any CPU.ActiveCfg = Debug|Any CPU
		{4314A8DF-57DD-49FC-860F-20933764D4CB}.Debug|Any CPU.Build.0 = Debug|Any CPU
		{4314A8DF-57DD-49FC-860F-20933764D4CB}.Release|Any CPU.ActiveCfg = Release|Any CPU
		{4314A8DF-57DD-49FC-860F-20933764D4CB}.Release|Any CPU.Build.0 = Release|Any CPU
	EndGlobalSection
	GlobalSection(SolutionProperties) = preSolution
		HideSolutionNode = FALSE
	EndGlobalSection
	GlobalSection(ExtensibilityGlobals) = postSolution
		SolutionGuid = {1AE86A84-EB1B-4810-88F1-53B59FA5BCD7}
	EndGlobalSection
EndGlobal
